
Microsoft Visual Studio Solution File, Format Version 12.00
# Visual Studio Version 16
VisualStudioVersion = 16.0.30330.147
MinimumVisualStudioVersion = 10.0.40219.1
Project("{2150E333-8FDC-42A3-9474-1A3956D46DE8}") = "4000 - Repository", "4000 - Repository", "{E7456C79-25D0-4B8C-A34F-88F92BF3EDA0}"
EndProject
Project("{2150E333-8FDC-42A3-9474-1A3956D46DE8}") = "1000 - Service", "1000 - Service", "{C9B47224-1D36-4258-8197-07AB6CE0C493}"
EndProject
Project("{2150E333-8FDC-42A3-9474-1A3956D46DE8}") = "2000 - Application", "2000 - Application", "{C968CD20-D301-4538-9716-A9B6489BC64C}"
EndProject
Project("{2150E333-8FDC-42A3-9474-1A3956D46DE8}") = "3000 - Domain", "3000 - Domain", "{9630C7D8-69E5-499F-B848-4619FD36F1CD}"
EndProject
Project("{2150E333-8FDC-42A3-9474-1A3956D46DE8}") = "8000 - Transversal", "8000 - Transversal", "{9389F380-6F57-41EA-8AA6-D809195C033F}"
EndProject
Project("{9A19103F-16F7-4668-BE54-9A1E7A4F7556}") = "GlucoControl.DotNetApi", "GlucoControl.DotNetApi\GlucoControl.DotNetApi.csproj", "{D0099BF3-54FD-4CC9-AC16-051BDEC29796}"
EndProject
Project("{9A19103F-16F7-4668-BE54-9A1E7A4F7556}") = "GlucoControl.Repository", "GlucoControl.Repository\GlucoControl.Repository.csproj", "{0BD73E70-68BC-4032-A080-925E76F0C38D}"
EndProject
Project("{9A19103F-16F7-4668-BE54-9A1E7A4F7556}") = "GlucoControl.Transversal", "GlucoControl.Transversal\GlucoControl.Transversal.csproj", "{79B879A2-2A1C-4316-8D02-64DC24979386}"
EndProject
Project("{9A19103F-16F7-4668-BE54-9A1E7A4F7556}") = "GlucoControl.Application", "GlucoControl.Application\GlucoControl.Application.csproj", "{31140D3C-78D7-495B-ADC0-4639F52B2AA7}"
EndProject
Project("{9A19103F-16F7-4668-BE54-9A1E7A4F7556}") = "GlucoControl.Application.Logic", "GlucoControl.Application.Logic\GlucoControl.Application.Logic.csproj", "{360C455C-DC0A-40A4-B2D1-BFB22F1F1B97}"
EndProject
Project("{9A19103F-16F7-4668-BE54-9A1E7A4F7556}") = "GlucoControl.Domain", "GlucoControl.Domain\GlucoControl.Domain.csproj", "{7F85DEF8-A192-4814-BC6B-663DB1A6063E}"
EndProject
Project("{9A19103F-16F7-4668-BE54-9A1E7A4F7556}") = "GlucoControl.Domain.Logic", "GlucoControl.Domain.Logic\GlucoControl.Domain.Logic.csproj", "{830478A9-96D6-49CA-A727-4E39CAE3014B}"
EndProject
Project("{9A19103F-16F7-4668-BE54-9A1E7A4F7556}") = "GlucoControl.Domain.Model", "GlucoControl.Domain.Model\GlucoControl.Domain.Model.csproj", "{37EFE530-6DF5-4F16-99EB-EE97FA41C3D8}"
EndProject
Global
	GlobalSection(SolutionConfigurationPlatforms) = preSolution
		Debug|Any CPU = Debug|Any CPU
		Release|Any CPU = Release|Any CPU
	EndGlobalSection
	GlobalSection(ProjectConfigurationPlatforms) = postSolution
		{D0099BF3-54FD-4CC9-AC16-051BDEC29796}.Debug|Any CPU.ActiveCfg = Debug|Any CPU
		{D0099BF3-54FD-4CC9-AC16-051BDEC29796}.Debug|Any CPU.Build.0 = Debug|Any CPU
		{D0099BF3-54FD-4CC9-AC16-051BDEC29796}.Release|Any CPU.ActiveCfg = Release|Any CPU
		{D0099BF3-54FD-4CC9-AC16-051BDEC29796}.Release|Any CPU.Build.0 = Release|Any CPU
		{0BD73E70-68BC-4032-A080-925E76F0C38D}.Debug|Any CPU.ActiveCfg = Debug|Any CPU
		{0BD73E70-68BC-4032-A080-925E76F0C38D}.Debug|Any CPU.Build.0 = Debug|Any CPU
		{0BD73E70-68BC-4032-A080-925E76F0C38D}.Release|Any CPU.ActiveCfg = Release|Any CPU
		{0BD73E70-68BC-4032-A080-925E76F0C38D}.Release|Any CPU.Build.0 = Release|Any CPU
		{79B879A2-2A1C-4316-8D02-64DC24979386}.Debug|Any CPU.ActiveCfg = Debug|Any CPU
		{79B879A2-2A1C-4316-8D02-64DC24979386}.Debug|Any CPU.Build.0 = Debug|Any CPU
		{79B879A2-2A1C-4316-8D02-64DC24979386}.Release|Any CPU.ActiveCfg = Release|Any CPU
		{79B879A2-2A1C-4316-8D02-64DC24979386}.Release|Any CPU.Build.0 = Release|Any CPU
		{31140D3C-78D7-495B-ADC0-4639F52B2AA7}.Debug|Any CPU.ActiveCfg = Debug|Any CPU
		{31140D3C-78D7-495B-ADC0-4639F52B2AA7}.Debug|Any CPU.Build.0 = Debug|Any CPU
		{31140D3C-78D7-495B-ADC0-4639F52B2AA7}.Release|Any CPU.ActiveCfg = Release|Any CPU
		{31140D3C-78D7-495B-ADC0-4639F52B2AA7}.Release|Any CPU.Build.0 = Release|Any CPU
		{360C455C-DC0A-40A4-B2D1-BFB22F1F1B97}.Debug|Any CPU.ActiveCfg = Debug|Any CPU
		{360C455C-DC0A-40A4-B2D1-BFB22F1F1B97}.Debug|Any CPU.Build.0 = Debug|Any CPU
		{360C455C-DC0A-40A4-B2D1-BFB22F1F1B97}.Release|Any CPU.ActiveCfg = Release|Any CPU
		{360C455C-DC0A-40A4-B2D1-BFB22F1F1B97}.Release|Any CPU.Build.0 = Release|Any CPU
		{7F85DEF8-A192-4814-BC6B-663DB1A6063E}.Debug|Any CPU.ActiveCfg = Debug|Any CPU
		{7F85DEF8-A192-4814-BC6B-663DB1A6063E}.Debug|Any CPU.Build.0 = Debug|Any CPU
		{7F85DEF8-A192-4814-BC6B-663DB1A6063E}.Release|Any CPU.ActiveCfg = Release|Any CPU
		{7F85DEF8-A192-4814-BC6B-663DB1A6063E}.Release|Any CPU.Build.0 = Release|Any CPU
		{830478A9-96D6-49CA-A727-4E39CAE3014B}.Debug|Any CPU.ActiveCfg = Debug|Any CPU
		{830478A9-96D6-49CA-A727-4E39CAE3014B}.Debug|Any CPU.Build.0 = Debug|Any CPU
		{830478A9-96D6-49CA-A727-4E39CAE3014B}.Release|Any CPU.ActiveCfg = Release|Any CPU
		{830478A9-96D6-49CA-A727-4E39CAE3014B}.Release|Any CPU.Build.0 = Release|Any CPU
		{37EFE530-6DF5-4F16-99EB-EE97FA41C3D8}.Debug|Any CPU.ActiveCfg = Debug|Any CPU
		{37EFE530-6DF5-4F16-99EB-EE97FA41C3D8}.Debug|Any CPU.Build.0 = Debug|Any CPU
		{37EFE530-6DF5-4F16-99EB-EE97FA41C3D8}.Release|Any CPU.ActiveCfg = Release|Any CPU
		{37EFE530-6DF5-4F16-99EB-EE97FA41C3D8}.Release|Any CPU.Build.0 = Release|Any CPU
	EndGlobalSection
	GlobalSection(SolutionProperties) = preSolution
		HideSolutionNode = FALSE
	EndGlobalSection
	GlobalSection(NestedProjects) = preSolution
		{D0099BF3-54FD-4CC9-AC16-051BDEC29796} = {C9B47224-1D36-4258-8197-07AB6CE0C493}
		{0BD73E70-68BC-4032-A080-925E76F0C38D} = {E7456C79-25D0-4B8C-A34F-88F92BF3EDA0}
		{79B879A2-2A1C-4316-8D02-64DC24979386} = {9389F380-6F57-41EA-8AA6-D809195C033F}
		{31140D3C-78D7-495B-ADC0-4639F52B2AA7} = {C968CD20-D301-4538-9716-A9B6489BC64C}
		{360C455C-DC0A-40A4-B2D1-BFB22F1F1B97} = {C968CD20-D301-4538-9716-A9B6489BC64C}
		{7F85DEF8-A192-4814-BC6B-663DB1A6063E} = {9630C7D8-69E5-499F-B848-4619FD36F1CD}
		{830478A9-96D6-49CA-A727-4E39CAE3014B} = {9630C7D8-69E5-499F-B848-4619FD36F1CD}
		{37EFE530-6DF5-4F16-99EB-EE97FA41C3D8} = {9630C7D8-69E5-499F-B848-4619FD36F1CD}
	EndGlobalSection
	GlobalSection(ExtensibilityGlobals) = postSolution
		SolutionGuid = {AC166F9F-6C73-4495-A7E4-326851EF93BE}
	EndGlobalSection
EndGlobal
